<?xml version="1.0" encoding="utf-8"?>
<Project ToolsVersion="4.0" xmlns="http://schemas.microsoft.com/developer/msbuild/2003">
  <ItemGroup>
    <Filter Include="Source Files">
      <UniqueIdentifier>{8a32be3f-df10-4f6a-8a35-141e7de63f44}</UniqueIdentifier>
      <Extensions>cpp;c;cxx;def;odl;idl;hpj;bat;asm</Extensions>
    </Filter>
    <Filter Include="Header Files">
      <UniqueIdentifier>{8f2fef1a-fde6-4b1c-8fb6-64a0ff2eb6d5}</UniqueIdentifier>
      <Extensions>h;hpp;hxx;hm;inl;inc</Extensions>
    </Filter>
    <Filter Include="Resource Files">
      <UniqueIdentifier>{c424b694-85b1-42c5-bac9-f20b4b090d0d}</UniqueIdentifier>
      <Extensions>rc;ico;cur;bmp;dlg;rc2;rct;bin;rgs;jpg;jpeg;jpe;manifest</Extensions>
    </Filter>
    <Filter Include="Controls">
      <UniqueIdentifier>{1cd1578d-e164-4a21-849b-d01dd0537c25}</UniqueIdentifier>
    </Filter>
  </ItemGroup>
  <ItemGroup>
    <ClCompile Include="stdafx.cpp">
      <Filter>Source Files</Filter>
    </ClCompile>
    <ClCompile Include="WPEX.cpp">
      <Filter>Source Files</Filter>
    </ClCompile>
  </ItemGroup>
  <ItemGroup>
    <ClInclude Include="stdafx.h">
      <Filter>Header Files</Filter>
    </ClInclude>
    <ClInclude Include="MainFrm.h">
      <Filter>Header Files</Filter>
    </ClInclude>
    <ClInclude Include="WPEXView.h">
      <Filter>Header Files</Filter>
    </ClInclude>
    <ClInclude Include="AboutDlg.h">
      <Filter>Header Files</Filter>
    </ClInclude>
    <ClInclude Include="resource.h">
      <Filter>Header Files</Filter>
    </ClInclude>
    <ClInclude Include="LeftFrm.h">
      <Filter>Header Files</Filter>
    </ClInclude>
    <ClInclude Include="RightFrm.h">
      <Filter>Header Files</Filter>
    </ClInclude>
    <ClInclude Include="DlgTrace.h">
      <Filter>Header Files</Filter>
    </ClInclude>
    <ClInclude Include="DlgFilter.h">
      <Filter>Header Files</Filter>
    </ClInclude>
    <ClInclude Include="CustomDef.h">
      <Filter>Header Files</Filter>
    </ClInclude>
    <ClInclude Include="DlgProcessList.h">
      <Filter>Header Files</Filter>
    </ClInclude>
    <ClInclude Include="WPEXUtily.h">
      <Filter>Header Files</Filter>
    </ClInclude>
    <ClInclude Include="TrafficCtrl.h">
      <Filter>Controls</Filter>
    </ClInclude>
    <ClInclude Include="DlgSendSocket.h">
      <Filter>Header Files</Filter>
    </ClInclude>
    <ClInclude Include="SocketHandler.h">
      <Filter>Header Files</Filter>
    </ClInclude>
  </ItemGroup>
  <ItemGroup>
    <ResourceCompile Include="WPEX.rc">
      <Filter>Resource Files</Filter>
    </ResourceCompile>
  </ItemGroup>
  <ItemGroup>
    <Image Include="res\toolbar.bmp">
      <Filter>Resource Files</Filter>
    </Image>
    <Image Include="res\WPEX.ico">
      <Filter>Resource Files</Filter>
    </Image>
  </ItemGroup>
</Project>